
Microsoft Visual Studio Solution File, Format Version 12.00
# Visual Studio 2012
Project("{F184B08F-C81C-45F6-A57F-5ABD9991F28F}") = "SPGEProject3", "SPGEProject3\SPGEProject3.vbproj", "{28700C82-02B4-4B1E-9112-A0D563B8E18C}"
EndProject
Global
	GlobalSection(SolutionConfigurationPlatforms) = preSolution
		Debug|Any CPU = Debug|Any CPU
		Release|Any CPU = Release|Any CPU
	EndGlobalSection
	GlobalSection(ProjectConfigurationPlatforms) = postSolution
		{28700C82-02B4-4B1E-9112-A0D563B8E18C}.Debug|Any CPU.ActiveCfg = Debug|Any CPU
		{28700C82-02B4-4B1E-9112-A0D563B8E18C}.Debug|Any CPU.Build.0 = Debug|Any CPU
		{28700C82-02B4-4B1E-9112-A0D563B8E18C}.Release|Any CPU.ActiveCfg = Release|Any CPU
		{28700C82-02B4-4B1E-9112-A0D563B8E18C}.Release|Any CPU.Build.0 = Release|Any CPU
	EndGlobalSection
	GlobalSection(SolutionProperties) = preSolution
		HideSolutionNode = FALSE
	EndGlobalSection
EndGlobal
